
Microsoft Visual Studio Solution File, Format Version 12.00
# Visual Studio Version 17
VisualStudioVersion = 17.4.33213.308
MinimumVisualStudioVersion = 10.0.40219.1
Project("{FAE04EC0-301F-11D3-BF4B-00C04F79EFBC}") = "Api.Server.ChuBao", "Api.Server.ChuBao\Api.Server.ChuBao.csproj", "{4B737445-FFE2-4569-92FB-40DE831BD1B6}"
EndProject
Global
	GlobalSection(SolutionConfigurationPlatforms) = preSolution
		Debug|Any CPU = Debug|Any CPU
		Release|Any CPU = Release|Any CPU
	EndGlobalSection
	GlobalSection(ProjectConfigurationPlatforms) = postSolution
		{4B737445-FFE2-4569-92FB-40DE831BD1B6}.Debug|Any CPU.ActiveCfg = Debug|Any CPU
		{4B737445-FFE2-4569-92FB-40DE831BD1B6}.Debug|Any CPU.Build.0 = Debug|Any CPU
		{4B737445-FFE2-4569-92FB-40DE831BD1B6}.Release|Any CPU.ActiveCfg = Release|Any CPU
		{4B737445-FFE2-4569-92FB-40DE831BD1B6}.Release|Any CPU.Build.0 = Release|Any CPU
	EndGlobalSection
	GlobalSection(SolutionProperties) = preSolution
		HideSolutionNode = FALSE
	EndGlobalSection
	GlobalSection(ExtensibilityGlobals) = postSolution
		SolutionGuid = {E55B297E-E8FA-48BC-8C9A-D74C1C9B29B7}
	EndGlobalSection
EndGlobal
